// !$*UTF8*$!
{
	archiveVersion = 1;
	classes = {
	};
	objectVersion = 51;
	objects = {

/* Begin PBXBuildFile section */
		19B024F0ABE8A7BB2B228A9B /* Pods_LightSwitch.framework in Frameworks */ = {isa = PBXBuildFile; fileRef = 920BEE74D07D12B3A50FE00E /* Pods_LightSwitch.framework */; };
		B45265B72460B6CE00E2258C /* AppDelegate.swift in Sources */ = {isa = PBXBuildFile; fileRef = B45265B62460B6CE00E2258C /* AppDelegate.swift */; };
		B45265B92460B6CE00E2258C /* SceneDelegate.swift in Sources */ = {isa = PBXBuildFile; fileRef = B45265B82460B6CE00E2258C /* SceneDelegate.swift */; };
		B45265BB2460B6CE00E2258C /* ViewController.swift in Sources */ = {isa = PBXBuildFile; fileRef = B45265BA2460B6CE00E2258C /* ViewController.swift */; };
		B45265BE2460B6CE00E2258C /* Main.storyboard in Resources */ = {isa = PBXBuildFile; fileRef = B45265BC2460B6CE00E2258C /* Main.storyboard */; };
		B45265C02460B6D200E2258C /* Assets.xcassets in Resources */ = {isa = PBXBuildFile; fileRef = B45265BF2460B6D200E2258C /* Assets.xcassets */; };
		B45265C32460B6D200E2258C /* LaunchScreen.storyboard in Resources */ = {isa = PBXBuildFile; fileRef = B45265C12460B6D200E2258C /* LaunchScreen.storyboard */; };
		B45265DA2460C2F200E2258C /* AppColors.swift in Sources */ = {isa = PBXBuildFile; fileRef = B45265D92460C2F200E2258C /* AppColors.swift */; };
		B45265DC2460C30800E2258C /* AppImages.swift in Sources */ = {isa = PBXBuildFile; fileRef = B45265DB2460C30800E2258C /* AppImages.swift */; };
		B45265E12460C3EE00E2258C /* LightCell.swift in Sources */ = {isa = PBXBuildFile; fileRef = B45265E02460C3EE00E2258C /* LightCell.swift */; };
		B45265E32460C40700E2258C /* LightCell+Design.swift in Sources */ = {isa = PBXBuildFile; fileRef = B45265E22460C40700E2258C /* LightCell+Design.swift */; };
		B45265E52460C46A00E2258C /* SectionOfLightViewModels.swift in Sources */ = {isa = PBXBuildFile; fileRef = B45265E42460C46A00E2258C /* SectionOfLightViewModels.swift */; };
		B45265E82460C49A00E2258C /* LightViewModel.swift in Sources */ = {isa = PBXBuildFile; fileRef = B45265E72460C49A00E2258C /* LightViewModel.swift */; };
		B45265EE2460C4E700E2258C /* LightWithState.swift in Sources */ = {isa = PBXBuildFile; fileRef = B45265ED2460C4E700E2258C /* LightWithState.swift */; };
		B45265F02460C4F800E2258C /* LightModel.swift in Sources */ = {isa = PBXBuildFile; fileRef = B45265EF2460C4F800E2258C /* LightModel.swift */; };
		B45265F22460C51900E2258C /* LightStateModel.swift in Sources */ = {isa = PBXBuildFile; fileRef = B45265F12460C51900E2258C /* LightStateModel.swift */; };
		B45265F42460C53D00E2258C /* LightStateType.swift in Sources */ = {isa = PBXBuildFile; fileRef = B45265F32460C53D00E2258C /* LightStateType.swift */; };
		B45265F62460C59400E2258C /* LightsUseCaseProtocol.swift in Sources */ = {isa = PBXBuildFile; fileRef = B45265F52460C59400E2258C /* LightsUseCaseProtocol.swift */; };
		B45265F82460C5AA00E2258C /* LightsUseCase.swift in Sources */ = {isa = PBXBuildFile; fileRef = B45265F72460C5AA00E2258C /* LightsUseCase.swift */; };
		B45265FA2460C5CB00E2258C /* LightsRepositoryProtocol.swift in Sources */ = {isa = PBXBuildFile; fileRef = B45265F92460C5CB00E2258C /* LightsRepositoryProtocol.swift */; };
		B45265FC2460C5F100E2258C /* LightsRepository.swift in Sources */ = {isa = PBXBuildFile; fileRef = B45265FB2460C5F100E2258C /* LightsRepository.swift */; };
		B45265FE2460C60F00E2258C /* LightsRepositoryData.swift in Sources */ = {isa = PBXBuildFile; fileRef = B45265FD2460C60F00E2258C /* LightsRepositoryData.swift */; };
		B45266002460C6A700E2258C /* MainViewController.swift in Sources */ = {isa = PBXBuildFile; fileRef = B45265FF2460C6A700E2258C /* MainViewController.swift */; };
		B45266022460C6D500E2258C /* MainViewController+Design.swift in Sources */ = {isa = PBXBuildFile; fileRef = B45266012460C6D500E2258C /* MainViewController+Design.swift */; };
		B45266042460C6E900E2258C /* MainViewPresenter.swift in Sources */ = {isa = PBXBuildFile; fileRef = B45266032460C6E900E2258C /* MainViewPresenter.swift */; };
/* End PBXBuildFile section */

/* Begin PBXFileReference section */
		920BEE74D07D12B3A50FE00E /* Pods_LightSwitch.framework */ = {isa = PBXFileReference; explicitFileType = wrapper.framework; includeInIndex = 0; path = Pods_LightSwitch.framework; sourceTree = BUILT_PRODUCTS_DIR; };
		B45265B32460B6CE00E2258C /* LightSwitch.app */ = {isa = PBXFileReference; explicitFileType = wrapper.application; includeInIndex = 0; path = LightSwitch.app; sourceTree = BUILT_PRODUCTS_DIR; };
		B45265B62460B6CE00E2258C /* AppDelegate.swift */ = {isa = PBXFileReference; lastKnownFileType = sourcecode.swift; path = AppDelegate.swift; sourceTree = "<group>"; };
		B45265B82460B6CE00E2258C /* SceneDelegate.swift */ = {isa = PBXFileReference; lastKnownFileType = sourcecode.swift; path = SceneDelegate.swift; sourceTree = "<group>"; };
		B45265BA2460B6CE00E2258C /* ViewController.swift */ = {isa = PBXFileReference; lastKnownFileType = sourcecode.swift; path = ViewController.swift; sourceTree = "<group>"; };
		B45265BD2460B6CE00E2258C /* Base */ = {isa = PBXFileReference; lastKnownFileType = file.storyboard; name = Base; path = Base.lproj/Main.storyboard; sourceTree = "<group>"; };
		B45265BF2460B6D200E2258C /* Assets.xcassets */ = {isa = PBXFileReference; lastKnownFileType = folder.assetcatalog; path = Assets.xcassets; sourceTree = "<group>"; };
		B45265C22460B6D200E2258C /* Base */ = {isa = PBXFileReference; lastKnownFileType = file.storyboard; name = Base; path = Base.lproj/LaunchScreen.storyboard; sourceTree = "<group>"; };
		B45265C42460B6D200E2258C /* Info.plist */ = {isa = PBXFileReference; lastKnownFileType = text.plist.xml; path = Info.plist; sourceTree = "<group>"; };
		B45265D92460C2F200E2258C /* AppColors.swift */ = {isa = PBXFileReference; lastKnownFileType = sourcecode.swift; path = AppColors.swift; sourceTree = "<group>"; };
		B45265DB2460C30800E2258C /* AppImages.swift */ = {isa = PBXFileReference; lastKnownFileType = sourcecode.swift; path = AppImages.swift; sourceTree = "<group>"; };
		B45265E02460C3EE00E2258C /* LightCell.swift */ = {isa = PBXFileReference; lastKnownFileType = sourcecode.swift; path = LightCell.swift; sourceTree = "<group>"; };
		B45265E22460C40700E2258C /* LightCell+Design.swift */ = {isa = PBXFileReference; lastKnownFileType = sourcecode.swift; path = "LightCell+Design.swift"; sourceTree = "<group>"; };
		B45265E42460C46A00E2258C /* SectionOfLightViewModels.swift */ = {isa = PBXFileReference; lastKnownFileType = sourcecode.swift; path = SectionOfLightViewModels.swift; sourceTree = "<group>"; };
		B45265E72460C49A00E2258C /* LightViewModel.swift */ = {isa = PBXFileReference; lastKnownFileType = sourcecode.swift; path = LightViewModel.swift; sourceTree = "<group>"; };
		B45265ED2460C4E700E2258C /* LightWithState.swift */ = {isa = PBXFileReference; lastKnownFileType = sourcecode.swift; path = LightWithState.swift; sourceTree = "<group>"; };
		B45265EF2460C4F800E2258C /* LightModel.swift */ = {isa = PBXFileReference; lastKnownFileType = sourcecode.swift; path = LightModel.swift; sourceTree = "<group>"; };
		B45265F12460C51900E2258C /* LightStateModel.swift */ = {isa = PBXFileReference; lastKnownFileType = sourcecode.swift; path = LightStateModel.swift; sourceTree = "<group>"; };
		B45265F32460C53D00E2258C /* LightStateType.swift */ = {isa = PBXFileReference; lastKnownFileType = sourcecode.swift; path = LightStateType.swift; sourceTree = "<group>"; };
		B45265F52460C59400E2258C /* LightsUseCaseProtocol.swift */ = {isa = PBXFileReference; lastKnownFileType = sourcecode.swift; path = LightsUseCaseProtocol.swift; sourceTree = "<group>"; };
		B45265F72460C5AA00E2258C /* LightsUseCase.swift */ = {isa = PBXFileReference; lastKnownFileType = sourcecode.swift; path = LightsUseCase.swift; sourceTree = "<group>"; };
		B45265F92460C5CB00E2258C /* LightsRepositoryProtocol.swift */ = {isa = PBXFileReference; lastKnownFileType = sourcecode.swift; path = LightsRepositoryProtocol.swift; sourceTree = "<group>"; };
		B45265FB2460C5F100E2258C /* LightsRepository.swift */ = {isa = PBXFileReference; lastKnownFileType = sourcecode.swift; path = LightsRepository.swift; sourceTree = "<group>"; };
		B45265FD2460C60F00E2258C /* LightsRepositoryData.swift */ = {isa = PBXFileReference; lastKnownFileType = sourcecode.swift; path = LightsRepositoryData.swift; sourceTree = "<group>"; };
		B45265FF2460C6A700E2258C /* MainViewController.swift */ = {isa = PBXFileReference; lastKnownFileType = sourcecode.swift; path = MainViewController.swift; sourceTree = "<group>"; };
		B45266012460C6D500E2258C /* MainViewController+Design.swift */ = {isa = PBXFileReference; lastKnownFileType = sourcecode.swift; path = "MainViewController+Design.swift"; sourceTree = "<group>"; };
		B45266032460C6E900E2258C /* MainViewPresenter.swift */ = {isa = PBXFileReference; lastKnownFileType = sourcecode.swift; path = MainViewPresenter.swift; sourceTree = "<group>"; };
		D88E1F4A9C980F0C61835130 /* Pods-LightSwitch.release.xcconfig */ = {isa = PBXFileReference; includeInIndex = 1; lastKnownFileType = text.xcconfig; name = "Pods-LightSwitch.release.xcconfig"; path = "Target Support Files/Pods-LightSwitch/Pods-LightSwitch.release.xcconfig"; sourceTree = "<group>"; };
		E0CBF5C1D8FF36264619CE02 /* Pods-LightSwitch.debug.xcconfig */ = {isa = PBXFileReference; includeInIndex = 1; lastKnownFileType = text.xcconfig; name = "Pods-LightSwitch.debug.xcconfig"; path = "Target Support Files/Pods-LightSwitch/Pods-LightSwitch.debug.xcconfig"; sourceTree = "<group>"; };
/* End PBXFileReference section */

/* Begin PBXFrameworksBuildPhase section */
		B45265B02460B6CE00E2258C /* Frameworks */ = {
			isa = PBXFrameworksBuildPhase;
			buildActionMask = 2147483647;
			files = (
				19B024F0ABE8A7BB2B228A9B /* Pods_LightSwitch.framework in Frameworks */,
			);
			runOnlyForDeploymentPostprocessing = 0;
		};
/* End PBXFrameworksBuildPhase section */

/* Begin PBXGroup section */
		3542E0343085F29A92E84160 /* Pods */ = {
			isa = PBXGroup;
			children = (
				E0CBF5C1D8FF36264619CE02 /* Pods-LightSwitch.debug.xcconfig */,
				D88E1F4A9C980F0C61835130 /* Pods-LightSwitch.release.xcconfig */,
			);
			path = Pods;
			sourceTree = "<group>";
		};
		A8FB164611F52FDD7AF90963 /* Frameworks */ = {
			isa = PBXGroup;
			children = (
				920BEE74D07D12B3A50FE00E /* Pods_LightSwitch.framework */,
			);
			name = Frameworks;
			sourceTree = "<group>";
		};
		B45265AA2460B6CE00E2258C = {
			isa = PBXGroup;
			children = (
				B45265B52460B6CE00E2258C /* LightSwitch */,
				B45265B42460B6CE00E2258C /* Products */,
				3542E0343085F29A92E84160 /* Pods */,
				A8FB164611F52FDD7AF90963 /* Frameworks */,
			);
			sourceTree = "<group>";
		};
		B45265B42460B6CE00E2258C /* Products */ = {
			isa = PBXGroup;
			children = (
				B45265B32460B6CE00E2258C /* LightSwitch.app */,
			);
			name = Products;
			sourceTree = "<group>";
		};
		B45265B52460B6CE00E2258C /* LightSwitch */ = {
			isa = PBXGroup;
			children = (
				B45265D82460C14100E2258C /* Supplementary */,
				B45265DD2460C39A00E2258C /* Lights */,
				B45265C42460B6D200E2258C /* Info.plist */,
			);
			path = LightSwitch;
			sourceTree = "<group>";
		};
		B45265D82460C14100E2258C /* Supplementary */ = {
			isa = PBXGroup;
			children = (
				B45265B62460B6CE00E2258C /* AppDelegate.swift */,
				B45265B82460B6CE00E2258C /* SceneDelegate.swift */,
				B45265BA2460B6CE00E2258C /* ViewController.swift */,
				B45265BC2460B6CE00E2258C /* Main.storyboard */,
				B45265C12460B6D200E2258C /* LaunchScreen.storyboard */,
				B45265BF2460B6D200E2258C /* Assets.xcassets */,
				B45265D92460C2F200E2258C /* AppColors.swift */,
				B45265DB2460C30800E2258C /* AppImages.swift */,
			);
			path = Supplementary;
			sourceTree = "<group>";
		};
		B45265DD2460C39A00E2258C /* Lights */ = {
			isa = PBXGroup;
			children = (
				B45265E92460C4AE00E2258C /* Data */,
				B45265DE2460C3CC00E2258C /* UI */,
			);
			path = Lights;
			sourceTree = "<group>";
		};
		B45265DE2460C3CC00E2258C /* UI */ = {
			isa = PBXGroup;
			children = (
				B45265E62460C48300E2258C /* ViewModels */,
				B45265DF2460C3DA00E2258C /* LightCell */,
				B45265FF2460C6A700E2258C /* MainViewController.swift */,
				B45266012460C6D500E2258C /* MainViewController+Design.swift */,
				B45266032460C6E900E2258C /* MainViewPresenter.swift */,
			);
			path = UI;
			sourceTree = "<group>";
		};
		B45265DF2460C3DA00E2258C /* LightCell */ = {
			isa = PBXGroup;
			children = (
				B45265E02460C3EE00E2258C /* LightCell.swift */,
				B45265E22460C40700E2258C /* LightCell+Design.swift */,
				B45265E42460C46A00E2258C /* SectionOfLightViewModels.swift */,
			);
			path = LightCell;
			sourceTree = "<group>";
		};
		B45265E62460C48300E2258C /* ViewModels */ = {
			isa = PBXGroup;
			children = (
				B45265E72460C49A00E2258C /* LightViewModel.swift */,
			);
			path = ViewModels;
			sourceTree = "<group>";
		};
		B45265E92460C4AE00E2258C /* Data */ = {
			isa = PBXGroup;
			children = (
				B45265EC2460C4D200E2258C /* Models */,
				B45265EB2460C4CC00E2258C /* UseCases */,
				B45265EA2460C4C400E2258C /* Repositories */,
			);
			path = Data;
			sourceTree = "<group>";
		};
		B45265EA2460C4C400E2258C /* Repositories */ = {
			isa = PBXGroup;
			children = (
				B45265F92460C5CB00E2258C /* LightsRepositoryProtocol.swift */,
				B45265FB2460C5F100E2258C /* LightsRepository.swift */,
				B45265FD2460C60F00E2258C /* LightsRepositoryData.swift */,
			);
			path = Repositories;
			sourceTree = "<group>";
		};
		B45265EB2460C4CC00E2258C /* UseCases */ = {
			isa = PBXGroup;
			children = (
				B45265F52460C59400E2258C /* LightsUseCaseProtocol.swift */,
				B45265F72460C5AA00E2258C /* LightsUseCase.swift */,
			);
			path = UseCases;
			sourceTree = "<group>";
		};
		B45265EC2460C4D200E2258C /* Models */ = {
			isa = PBXGroup;
			children = (
				B45265ED2460C4E700E2258C /* LightWithState.swift */,
				B45265EF2460C4F800E2258C /* LightModel.swift */,
				B45265F12460C51900E2258C /* LightStateModel.swift */,
				B45265F32460C53D00E2258C /* LightStateType.swift */,
			);
			path = Models;
			sourceTree = "<group>";
		};
/* End PBXGroup section */

/* Begin PBXNativeTarget section */
		B45265B22460B6CE00E2258C /* LightSwitch */ = {
			isa = PBXNativeTarget;
			buildConfigurationList = B45265C72460B6D200E2258C /* Build configuration list for PBXNativeTarget "LightSwitch" */;
			buildPhases = (
				61571DAC47D9DB70269B6162 /* [CP] Check Pods Manifest.lock */,
				B45265AF2460B6CE00E2258C /* Sources */,
				B45265B02460B6CE00E2258C /* Frameworks */,
				B45265B12460B6CE00E2258C /* Resources */,
				23ECB801F35ED99FEA64CEE5 /* [CP] Embed Pods Frameworks */,
			);
			buildRules = (
			);
			dependencies = (
			);
			name = LightSwitch;
			productName = LightSwitch;
			productReference = B45265B32460B6CE00E2258C /* LightSwitch.app */;
			productType = "com.apple.product-type.application";
		};
/* End PBXNativeTarget section */

/* Begin PBXProject section */
		B45265AB2460B6CE00E2258C /* Project object */ = {
			isa = PBXProject;
			attributes = {
				LastSwiftUpdateCheck = 1140;
				LastUpgradeCheck = 1140;
				ORGANIZATIONNAME = "Kristijan Vidovic";
				TargetAttributes = {
					B45265B22460B6CE00E2258C = {
						CreatedOnToolsVersion = 11.4.1;
					};
				};
			};
			buildConfigurationList = B45265AE2460B6CE00E2258C /* Build configuration list for PBXProject "LightSwitch" */;
			compatibilityVersion = "Xcode 9.3";
			developmentRegion = en;
			hasScannedForEncodings = 0;
			knownRegions = (
				en,
				Base,
			);
			mainGroup = B45265AA2460B6CE00E2258C;
			productRefGroup = B45265B42460B6CE00E2258C /* Products */;
			projectDirPath = "";
			projectRoot = "";
			targets = (
				B45265B22460B6CE00E2258C /* LightSwitch */,
			);
		};
/* End PBXProject section */

/* Begin PBXResourcesBuildPhase section */
		B45265B12460B6CE00E2258C /* Resources */ = {
			isa = PBXResourcesBuildPhase;
			buildActionMask = 2147483647;
			files = (
				B45265C32460B6D200E2258C /* LaunchScreen.storyboard in Resources */,
				B45265C02460B6D200E2258C /* Assets.xcassets in Resources */,
				B45265BE2460B6CE00E2258C /* Main.storyboard in Resources */,
			);
			runOnlyForDeploymentPostprocessing = 0;
		};
/* End PBXResourcesBuildPhase section */

/* Begin PBXShellScriptBuildPhase section */
		23ECB801F35ED99FEA64CEE5 /* [CP] Embed Pods Frameworks */ = {
			isa = PBXShellScriptBuildPhase;
			buildActionMask = 2147483647;
			files = (
			);
			inputFileListPaths = (
				"${PODS_ROOT}/Target Support Files/Pods-LightSwitch/Pods-LightSwitch-frameworks-${CONFIGURATION}-input-files.xcfilelist",
			);
			name = "[CP] Embed Pods Frameworks";
			outputFileListPaths = (
				"${PODS_ROOT}/Target Support Files/Pods-LightSwitch/Pods-LightSwitch-frameworks-${CONFIGURATION}-output-files.xcfilelist",
			);
			runOnlyForDeploymentPostprocessing = 0;
			shellPath = /bin/sh;
			shellScript = "\"${PODS_ROOT}/Target Support Files/Pods-LightSwitch/Pods-LightSwitch-frameworks.sh\"\n";
			showEnvVarsInLog = 0;
		};
		61571DAC47D9DB70269B6162 /* [CP] Check Pods Manifest.lock */ = {
			isa = PBXShellScriptBuildPhase;
			buildActionMask = 2147483647;
			files = (
			);
			inputFileListPaths = (
			);
			inputPaths = (
				"${PODS_PODFILE_DIR_PATH}/Podfile.lock",
				"${PODS_ROOT}/Manifest.lock",
			);
			name = "[CP] Check Pods Manifest.lock";
			outputFileListPaths = (
			);
			outputPaths = (
				"$(DERIVED_FILE_DIR)/Pods-LightSwitch-checkManifestLockResult.txt",
			);
			runOnlyForDeploymentPostprocessing = 0;
			shellPath = /bin/sh;
			shellScript = "diff \"${PODS_PODFILE_DIR_PATH}/Podfile.lock\" \"${PODS_ROOT}/Manifest.lock\" > /dev/null\nif [ $? != 0 ] ; then\n    # print error to STDERR\n    echo \"error: The sandbox is not in sync with the Podfile.lock. Run 'pod install' or update your CocoaPods installation.\" >&2\n    exit 1\nfi\n# This output is used by Xcode 'outputs' to avoid re-running this script phase.\necho \"SUCCESS\" > \"${SCRIPT_OUTPUT_FILE_0}\"\n";
			showEnvVarsInLog = 0;
		};
/* End PBXShellScriptBuildPhase section */

/* Begin PBXSourcesBuildPhase section */
		B45265AF2460B6CE00E2258C /* Sources */ = {
			isa = PBXSourcesBuildPhase;
			buildActionMask = 2147483647;
			files = (
				B45265E32460C40700E2258C /* LightCell+Design.swift in Sources */,
				B45265F82460C5AA00E2258C /* LightsUseCase.swift in Sources */,
				B45266042460C6E900E2258C /* MainViewPresenter.swift in Sources */,
				B45265BB2460B6CE00E2258C /* ViewController.swift in Sources */,
				B45265FC2460C5F100E2258C /* LightsRepository.swift in Sources */,
				B45265F22460C51900E2258C /* LightStateModel.swift in Sources */,
				B45266002460C6A700E2258C /* MainViewController.swift in Sources */,
				B45265E82460C49A00E2258C /* LightViewModel.swift in Sources */,
				B45265F62460C59400E2258C /* LightsUseCaseProtocol.swift in Sources */,
				B45265FA2460C5CB00E2258C /* LightsRepositoryProtocol.swift in Sources */,
				B45265E52460C46A00E2258C /* SectionOfLightViewModels.swift in Sources */,
				B45265EE2460C4E700E2258C /* LightWithState.swift in Sources */,
				B45266022460C6D500E2258C /* MainViewController+Design.swift in Sources */,
				B45265DA2460C2F200E2258C /* AppColors.swift in Sources */,
				B45265E12460C3EE00E2258C /* LightCell.swift in Sources */,
				B45265F02460C4F800E2258C /* LightModel.swift in Sources */,
				B45265F42460C53D00E2258C /* LightStateType.swift in Sources */,
				B45265FE2460C60F00E2258C /* LightsRepositoryData.swift in Sources */,
				B45265B72460B6CE00E2258C /* AppDelegate.swift in Sources */,
				B45265DC2460C30800E2258C /* AppImages.swift in Sources */,
				B45265B92460B6CE00E2258C /* SceneDelegate.swift in Sources */,
			);
			runOnlyForDeploymentPostprocessing = 0;
		};
/* End PBXSourcesBuildPhase section */

/* Begin PBXVariantGroup section */
		B45265BC2460B6CE00E2258C /* Main.storyboard */ = {
			isa = PBXVariantGroup;
			children = (
				B45265BD2460B6CE00E2258C /* Base */,
			);
			name = Main.storyboard;
			sourceTree = "<group>";
		};
		B45265C12460B6D200E2258C /* LaunchScreen.storyboard */ = {
			isa = PBXVariantGroup;
			children = (
				B45265C22460B6D200E2258C /* Base */,
			);
			name = LaunchScreen.storyboard;
			sourceTree = "<group>";
		};
/* End PBXVariantGroup section */

/* Begin XCBuildConfiguration section */
		B45265C52460B6D200E2258C /* Debug */ = {
			isa = XCBuildConfiguration;
			buildSettings = {
				ALWAYS_SEARCH_USER_PATHS = NO;
				CLANG_ANALYZER_NONNULL = YES;
				CLANG_ANALYZER_NUMBER_OBJECT_CONVERSION = YES_AGGRESSIVE;
				CLANG_CXX_LANGUAGE_STANDARD = "gnu++14";
				CLANG_CXX_LIBRARY = "libc++";
				CLANG_ENABLE_MODULES = YES;
				CLANG_ENABLE_OBJC_ARC = YES;
				CLANG_ENABLE_OBJC_WEAK = YES;
				CLANG_WARN_BLOCK_CAPTURE_AUTORELEASING = YES;
				CLANG_WARN_BOOL_CONVERSION = YES;
				CLANG_WARN_COMMA = YES;
				CLANG_WARN_CONSTANT_CONVERSION = YES;
				CLANG_WARN_DEPRECATED_OBJC_IMPLEMENTATIONS = YES;
				CLANG_WARN_DIRECT_OBJC_ISA_USAGE = YES_ERROR;
				CLANG_WARN_DOCUMENTATION_COMMENTS = YES;
				CLANG_WARN_EMPTY_BODY = YES;
				CLANG_WARN_ENUM_CONVERSION = YES;
				CLANG_WARN_INFINITE_RECURSION = YES;
				CLANG_WARN_INT_CONVERSION = YES;
				CLANG_WARN_NON_LITERAL_NULL_CONVERSION = YES;
				CLANG_WARN_OBJC_IMPLICIT_RETAIN_SELF = YES;
				CLANG_WARN_OBJC_LITERAL_CONVERSION = YES;
				CLANG_WARN_OBJC_ROOT_CLASS = YES_ERROR;
				CLANG_WARN_RANGE_LOOP_ANALYSIS = YES;
				CLANG_WARN_STRICT_PROTOTYPES = YES;
				CLANG_WARN_SUSPICIOUS_MOVE = YES;
				CLANG_WARN_UNGUARDED_AVAILABILITY = YES_AGGRESSIVE;
				CLANG_WARN_UNREACHABLE_CODE = YES;
				CLANG_WARN__DUPLICATE_METHOD_MATCH = YES;
				COPY_PHASE_STRIP = NO;
				DEBUG_INFORMATION_FORMAT = dwarf;
				ENABLE_STRICT_OBJC_MSGSEND = YES;
				ENABLE_TESTABILITY = YES;
				GCC_C_LANGUAGE_STANDARD = gnu11;
				GCC_DYNAMIC_NO_PIC = NO;
				GCC_NO_COMMON_BLOCKS = YES;
				GCC_OPTIMIZATION_LEVEL = 0;
				GCC_PREPROCESSOR_DEFINITIONS = (
					"DEBUG=1",
					"$(inherited)",
				);
				GCC_WARN_64_TO_32_BIT_CONVERSION = YES;
				GCC_WARN_ABOUT_RETURN_TYPE = YES_ERROR;
				GCC_WARN_UNDECLARED_SELECTOR = YES;
				GCC_WARN_UNINITIALIZED_AUTOS = YES_AGGRESSIVE;
				GCC_WARN_UNUSED_FUNCTION = YES;
				GCC_WARN_UNUSED_VARIABLE = YES;
				IPHONEOS_DEPLOYMENT_TARGET = 13.4;
				MTL_ENABLE_DEBUG_INFO = INCLUDE_SOURCE;
				MTL_FAST_MATH = YES;
				ONLY_ACTIVE_ARCH = YES;
				SDKROOT = iphoneos;
				SWIFT_ACTIVE_COMPILATION_CONDITIONS = DEBUG;
				SWIFT_OPTIMIZATION_LEVEL = "-Onone";
			};
			name = Debug;
		};
		B45265C62460B6D200E2258C /* Release */ = {
			isa = XCBuildConfiguration;
			buildSettings = {
				ALWAYS_SEARCH_USER_PATHS = NO;
				CLANG_ANALYZER_NONNULL = YES;
				CLANG_ANALYZER_NUMBER_OBJECT_CONVERSION = YES_AGGRESSIVE;
				CLANG_CXX_LANGUAGE_STANDARD = "gnu++14";
				CLANG_CXX_LIBRARY = "libc++";
				CLANG_ENABLE_MODULES = YES;
				CLANG_ENABLE_OBJC_ARC = YES;
				CLANG_ENABLE_OBJC_WEAK = YES;
				CLANG_WARN_BLOCK_CAPTURE_AUTORELEASING = YES;
				CLANG_WARN_BOOL_CONVERSION = YES;
				CLANG_WARN_COMMA = YES;
				CLANG_WARN_CONSTANT_CONVERSION = YES;
				CLANG_WARN_DEPRECATED_OBJC_IMPLEMENTATIONS = YES;
				CLANG_WARN_DIRECT_OBJC_ISA_USAGE = YES_ERROR;
				CLANG_WARN_DOCUMENTATION_COMMENTS = YES;
				CLANG_WARN_EMPTY_BODY = YES;
				CLANG_WARN_ENUM_CONVERSION = YES;
				CLANG_WARN_INFINITE_RECURSION = YES;
				CLANG_WARN_INT_CONVERSION = YES;
				CLANG_WARN_NON_LITERAL_NULL_CONVERSION = YES;
				CLANG_WARN_OBJC_IMPLICIT_RETAIN_SELF = YES;
				CLANG_WARN_OBJC_LITERAL_CONVERSION = YES;
				CLANG_WARN_OBJC_ROOT_CLASS = YES_ERROR;
				CLANG_WARN_RANGE_LOOP_ANALYSIS = YES;
				CLANG_WARN_STRICT_PROTOTYPES = YES;
				CLANG_WARN_SUSPICIOUS_MOVE = YES;
				CLANG_WARN_UNGUARDED_AVAILABILITY = YES_AGGRESSIVE;
				CLANG_WARN_UNREACHABLE_CODE = YES;
				CLANG_WARN__DUPLICATE_METHOD_MATCH = YES;
				COPY_PHASE_STRIP = NO;
				DEBUG_INFORMATION_FORMAT = "dwarf-with-dsym";
				ENABLE_NS_ASSERTIONS = NO;
				ENABLE_STRICT_OBJC_MSGSEND = YES;
				GCC_C_LANGUAGE_STANDARD = gnu11;
				GCC_NO_COMMON_BLOCKS = YES;
				GCC_WARN_64_TO_32_BIT_CONVERSION = YES;
				GCC_WARN_ABOUT_RETURN_TYPE = YES_ERROR;
				GCC_WARN_UNDECLARED_SELECTOR = YES;
				GCC_WARN_UNINITIALIZED_AUTOS = YES_AGGRESSIVE;
				GCC_WARN_UNUSED_FUNCTION = YES;
				GCC_WARN_UNUSED_VARIABLE = YES;
				IPHONEOS_DEPLOYMENT_TARGET = 13.4;
				MTL_ENABLE_DEBUG_INFO = NO;
				MTL_FAST_MATH = YES;
				SDKROOT = iphoneos;
				SWIFT_COMPILATION_MODE = wholemodule;
				SWIFT_OPTIMIZATION_LEVEL = "-O";
				VALIDATE_PRODUCT = YES;
			};
			name = Release;
		};
		B45265C82460B6D200E2258C /* Debug */ = {
			isa = XCBuildConfiguration;
			baseConfigurationReference = E0CBF5C1D8FF36264619CE02 /* Pods-LightSwitch.debug.xcconfig */;
			buildSettings = {
				ASSETCATALOG_COMPILER_APPICON_NAME = AppIcon;
				CODE_SIGN_STYLE = Automatic;
				DEVELOPMENT_TEAM = 45L73FL7MX;
				INFOPLIST_FILE = LightSwitch/Info.plist;
				LD_RUNPATH_SEARCH_PATHS = (
					"$(inherited)",
					"@executable_path/Frameworks",
				);
				PRODUCT_BUNDLE_IDENTIFIER = kvidovic.LightSwitch;
				PRODUCT_NAME = "$(TARGET_NAME)";
				SWIFT_VERSION = 5.0;
				TARGETED_DEVICE_FAMILY = "1,2";
			};
			name = Debug;
		};
		B45265C92460B6D200E2258C /* Release */ = {
			isa = XCBuildConfiguration;
			baseConfigurationReference = D88E1F4A9C980F0C61835130 /* Pods-LightSwitch.release.xcconfig */;
			buildSettings = {
				ASSETCATALOG_COMPILER_APPICON_NAME = AppIcon;
				CODE_SIGN_STYLE = Automatic;
				DEVELOPMENT_TEAM = 45L73FL7MX;
				INFOPLIST_FILE = LightSwitch/Info.plist;
				LD_RUNPATH_SEARCH_PATHS = (
					"$(inherited)",
					"@executable_path/Frameworks",
				);
				PRODUCT_BUNDLE_IDENTIFIER = kvidovic.LightSwitch;
				PRODUCT_NAME = "$(TARGET_NAME)";
				SWIFT_VERSION = 5.0;
				TARGETED_DEVICE_FAMILY = "1,2";
			};
			name = Release;
		};
/* End XCBuildConfiguration section */

/* Begin XCConfigurationList section */
		B45265AE2460B6CE00E2258C /* Build configuration list for PBXProject "LightSwitch" */ = {
			isa = XCConfigurationList;
			buildConfigurations = (
				B45265C52460B6D200E2258C /* Debug */,
				B45265C62460B6D200E2258C /* Release */,
			);
			defaultConfigurationIsVisible = 0;
			defaultConfigurationName = Release;
		};
		B45265C72460B6D200E2258C /* Build configuration list for PBXNativeTarget "LightSwitch" */ = {
			isa = XCConfigurationList;
			buildConfigurations = (
				B45265C82460B6D200E2258C /* Debug */,
				B45265C92460B6D200E2258C /* Release */,
			);
			defaultConfigurationIsVisible = 0;
			defaultConfigurationName = Release;
		};
/* End XCConfigurationList section */
	};
	rootObject = B45265AB2460B6CE00E2258C /* Project object */;
}
